// !$*UTF8*$!
{
	archiveVersion = 1;
	classes = {
	};
	objectVersion = 56;
	objects = {

/* Begin PBXBuildFile section */
		29062AD52927DB4C001DBFD0 /* User.swift in Sources */ = {isa = PBXBuildFile; fileRef = 29062AD42927DB4C001DBFD0 /* User.swift */; };
		29062AD72927DBFC001DBFD0 /* UserViewModel.swift in Sources */ = {isa = PBXBuildFile; fileRef = 29062AD62927DBFC001DBFD0 /* UserViewModel.swift */; };
		29062ADB2927F7B8001DBFD0 /* AuthenticationView.swift in Sources */ = {isa = PBXBuildFile; fileRef = 29062ADA2927F7B8001DBFD0 /* AuthenticationView.swift */; };
		291125B32922B4290000AEA2 /* MainView.swift in Sources */ = {isa = PBXBuildFile; fileRef = 291125B22922B4290000AEA2 /* MainView.swift */; };
		291125B52922B4370000AEA2 /* SearchView.swift in Sources */ = {isa = PBXBuildFile; fileRef = 291125B42922B4370000AEA2 /* SearchView.swift */; };
		2957DAEE2925506700D0BCF9 /* ProfileView.swift in Sources */ = {isa = PBXBuildFile; fileRef = 2957DAED2925506700D0BCF9 /* ProfileView.swift */; };
		295E6E802926488C00B379EC /* CartView.swift in Sources */ = {isa = PBXBuildFile; fileRef = 295E6E7F2926488C00B379EC /* CartView.swift */; };
		295E6E82292648BB00B379EC /* ObservedView.swift in Sources */ = {isa = PBXBuildFile; fileRef = 295E6E81292648BB00B379EC /* ObservedView.swift */; };
		29A6884229217029009E03BF /* ShoppingAppApp.swift in Sources */ = {isa = PBXBuildFile; fileRef = 29A6884129217029009E03BF /* ShoppingAppApp.swift */; };
		29A6884429217029009E03BF /* ContentView.swift in Sources */ = {isa = PBXBuildFile; fileRef = 29A6884329217029009E03BF /* ContentView.swift */; };
		29A688462921702C009E03BF /* Assets.xcassets in Resources */ = {isa = PBXBuildFile; fileRef = 29A688452921702C009E03BF /* Assets.xcassets */; };
		29A688492921702C009E03BF /* Preview Assets.xcassets in Resources */ = {isa = PBXBuildFile; fileRef = 29A688482921702C009E03BF /* Preview Assets.xcassets */; };
		29A6885029217DCC009E03BF /* GoogleService-Info.plist in Resources */ = {isa = PBXBuildFile; fileRef = 29A6884F29217DCC009E03BF /* GoogleService-Info.plist */; };
		850F8F2EEE6D056FAA8142C4 /* Pods_ShoppingApp.framework in Frameworks */ = {isa = PBXBuildFile; fileRef = 6317AB7661865C1BB6EB4B17 /* Pods_ShoppingApp.framework */; };
/* End PBXBuildFile section */

/* Begin PBXFileReference section */
		0C9FAECF7BDDFB6D09EE3527 /* Pods-ShoppingApp.debug.xcconfig */ = {isa = PBXFileReference; includeInIndex = 1; lastKnownFileType = text.xcconfig; name = "Pods-ShoppingApp.debug.xcconfig"; path = "Target Support Files/Pods-ShoppingApp/Pods-ShoppingApp.debug.xcconfig"; sourceTree = "<group>"; };
		29062AD42927DB4C001DBFD0 /* User.swift */ = {isa = PBXFileReference; lastKnownFileType = sourcecode.swift; name = User.swift; path = "../New Group/User.swift"; sourceTree = "<group>"; };
		29062AD62927DBFC001DBFD0 /* UserViewModel.swift */ = {isa = PBXFileReference; lastKnownFileType = sourcecode.swift; path = UserViewModel.swift; sourceTree = "<group>"; };
		29062ADA2927F7B8001DBFD0 /* AuthenticationView.swift */ = {isa = PBXFileReference; lastKnownFileType = sourcecode.swift; path = AuthenticationView.swift; sourceTree = "<group>"; };
		291125B22922B4290000AEA2 /* MainView.swift */ = {isa = PBXFileReference; lastKnownFileType = sourcecode.swift; path = MainView.swift; sourceTree = "<group>"; };
		291125B42922B4370000AEA2 /* SearchView.swift */ = {isa = PBXFileReference; lastKnownFileType = sourcecode.swift; path = SearchView.swift; sourceTree = "<group>"; };
		2957DAED2925506700D0BCF9 /* ProfileView.swift */ = {isa = PBXFileReference; lastKnownFileType = sourcecode.swift; path = ProfileView.swift; sourceTree = "<group>"; };
		295E6E7F2926488C00B379EC /* CartView.swift */ = {isa = PBXFileReference; lastKnownFileType = sourcecode.swift; path = CartView.swift; sourceTree = "<group>"; };
		295E6E81292648BB00B379EC /* ObservedView.swift */ = {isa = PBXFileReference; lastKnownFileType = sourcecode.swift; path = ObservedView.swift; sourceTree = "<group>"; };
		29A6883E29217029009E03BF /* ShoppingApp.app */ = {isa = PBXFileReference; explicitFileType = wrapper.application; includeInIndex = 0; path = ShoppingApp.app; sourceTree = BUILT_PRODUCTS_DIR; };
		29A6884129217029009E03BF /* ShoppingAppApp.swift */ = {isa = PBXFileReference; lastKnownFileType = sourcecode.swift; path = ShoppingAppApp.swift; sourceTree = "<group>"; };
		29A6884329217029009E03BF /* ContentView.swift */ = {isa = PBXFileReference; lastKnownFileType = sourcecode.swift; path = ContentView.swift; sourceTree = "<group>"; };
		29A688452921702C009E03BF /* Assets.xcassets */ = {isa = PBXFileReference; lastKnownFileType = folder.assetcatalog; path = Assets.xcassets; sourceTree = "<group>"; };
		29A688482921702C009E03BF /* Preview Assets.xcassets */ = {isa = PBXFileReference; lastKnownFileType = folder.assetcatalog; path = "Preview Assets.xcassets"; sourceTree = "<group>"; };
		29A6884F29217DCC009E03BF /* GoogleService-Info.plist */ = {isa = PBXFileReference; fileEncoding = 4; lastKnownFileType = text.plist.xml; path = "GoogleService-Info.plist"; sourceTree = "<group>"; };
		6317AB7661865C1BB6EB4B17 /* Pods_ShoppingApp.framework */ = {isa = PBXFileReference; explicitFileType = wrapper.framework; includeInIndex = 0; path = Pods_ShoppingApp.framework; sourceTree = BUILT_PRODUCTS_DIR; };
		8BBCACDDFBB203F6B492604B /* Pods-ShoppingApp.release.xcconfig */ = {isa = PBXFileReference; includeInIndex = 1; lastKnownFileType = text.xcconfig; name = "Pods-ShoppingApp.release.xcconfig"; path = "Target Support Files/Pods-ShoppingApp/Pods-ShoppingApp.release.xcconfig"; sourceTree = "<group>"; };
/* End PBXFileReference section */

/* Begin PBXFrameworksBuildPhase section */
		29A6883B29217029009E03BF /* Frameworks */ = {
			isa = PBXFrameworksBuildPhase;
			buildActionMask = 2147483647;
			files = (
				850F8F2EEE6D056FAA8142C4 /* Pods_ShoppingApp.framework in Frameworks */,
			);
			runOnlyForDeploymentPostprocessing = 0;
		};
/* End PBXFrameworksBuildPhase section */

/* Begin PBXGroup section */
		29062ADC2927FB9C001DBFD0 /* Backups */ = {
			isa = PBXGroup;
			children = (
			);
			path = Backups;
			sourceTree = "<group>";
		};
		290EF07F292824E30020996E /* Models */ = {
			isa = PBXGroup;
			children = (
				29062AD42927DB4C001DBFD0 /* User.swift */,
			);
			path = Models;
			sourceTree = "<group>";
		};
		290EF080292824FD0020996E /* ViewModels */ = {
			isa = PBXGroup;
			children = (
				29062AD62927DBFC001DBFD0 /* UserViewModel.swift */,
			);
			path = ViewModels;
			sourceTree = "<group>";
		};
		291125B62922C6090000AEA2 /* Views */ = {
			isa = PBXGroup;
			children = (
				29A6884329217029009E03BF /* ContentView.swift */,
				291125B22922B4290000AEA2 /* MainView.swift */,
				291125B42922B4370000AEA2 /* SearchView.swift */,
				2957DAED2925506700D0BCF9 /* ProfileView.swift */,
				295E6E7F2926488C00B379EC /* CartView.swift */,
				295E6E81292648BB00B379EC /* ObservedView.swift */,
				29062ADA2927F7B8001DBFD0 /* AuthenticationView.swift */,
			);
			path = Views;
			sourceTree = "<group>";
		};
		29A6883529217029009E03BF = {
			isa = PBXGroup;
			children = (
				29A6884029217029009E03BF /* ShoppingApp */,
				29A6883F29217029009E03BF /* Products */,
				BFD4C9B11C40A105FD23A48D /* Pods */,
				6E5CE00625485130F127109D /* Frameworks */,
			);
			sourceTree = "<group>";
		};
		29A6883F29217029009E03BF /* Products */ = {
			isa = PBXGroup;
			children = (
				29A6883E29217029009E03BF /* ShoppingApp.app */,
			);
			name = Products;
			sourceTree = "<group>";
		};
		29A6884029217029009E03BF /* ShoppingApp */ = {
			isa = PBXGroup;
			children = (
				290EF080292824FD0020996E /* ViewModels */,
				290EF07F292824E30020996E /* Models */,
				291125B62922C6090000AEA2 /* Views */,
				29062ADC2927FB9C001DBFD0 /* Backups */,
				29A6884F29217DCC009E03BF /* GoogleService-Info.plist */,
				29A6884129217029009E03BF /* ShoppingAppApp.swift */,
				29A688452921702C009E03BF /* Assets.xcassets */,
				29A688472921702C009E03BF /* Preview Content */,
			);
			path = ShoppingApp;
			sourceTree = "<group>";
		};
		29A688472921702C009E03BF /* Preview Content */ = {
			isa = PBXGroup;
			children = (
				29A688482921702C009E03BF /* Preview Assets.xcassets */,
			);
			path = "Preview Content";
			sourceTree = "<group>";
		};
		6E5CE00625485130F127109D /* Frameworks */ = {
			isa = PBXGroup;
			children = (
				6317AB7661865C1BB6EB4B17 /* Pods_ShoppingApp.framework */,
			);
			name = Frameworks;
			sourceTree = "<group>";
		};
		BFD4C9B11C40A105FD23A48D /* Pods */ = {
			isa = PBXGroup;
			children = (
				0C9FAECF7BDDFB6D09EE3527 /* Pods-ShoppingApp.debug.xcconfig */,
				8BBCACDDFBB203F6B492604B /* Pods-ShoppingApp.release.xcconfig */,
			);
			path = Pods;
			sourceTree = "<group>";
		};
/* End PBXGroup section */

/* Begin PBXNativeTarget section */
		29A6883D29217029009E03BF /* ShoppingApp */ = {
			isa = PBXNativeTarget;
			buildConfigurationList = 29A6884C2921702C009E03BF /* Build configuration list for PBXNativeTarget "ShoppingApp" */;
			buildPhases = (
				30BCDA939C29B36741BBA44A /* [CP] Check Pods Manifest.lock */,
				29A6883A29217029009E03BF /* Sources */,
				29A6883B29217029009E03BF /* Frameworks */,
				29A6883C29217029009E03BF /* Resources */,
				EEBF0F7FDAD83660D88D3117 /* [CP] Embed Pods Frameworks */,
			);
			buildRules = (
			);
			dependencies = (
			);
			name = ShoppingApp;
			productName = ShoppingApp;
			productReference = 29A6883E29217029009E03BF /* ShoppingApp.app */;
			productType = "com.apple.product-type.application";
		};
/* End PBXNativeTarget section */

/* Begin PBXProject section */
		29A6883629217029009E03BF /* Project object */ = {
			isa = PBXProject;
			attributes = {
				BuildIndependentTargetsInParallel = 1;
				LastSwiftUpdateCheck = 1400;
				LastUpgradeCheck = 1400;
				TargetAttributes = {
					29A6883D29217029009E03BF = {
						CreatedOnToolsVersion = 14.0.1;
					};
				};
			};
			buildConfigurationList = 29A6883929217029009E03BF /* Build configuration list for PBXProject "ShoppingApp" */;
			compatibilityVersion = "Xcode 14.0";
			developmentRegion = en;
			hasScannedForEncodings = 0;
			knownRegions = (
				en,
				Base,
			);
			mainGroup = 29A6883529217029009E03BF;
			productRefGroup = 29A6883F29217029009E03BF /* Products */;
			projectDirPath = "";
			projectRoot = "";
			targets = (
				29A6883D29217029009E03BF /* ShoppingApp */,
			);
		};
/* End PBXProject section */

/* Begin PBXResourcesBuildPhase section */
		29A6883C29217029009E03BF /* Resources */ = {
			isa = PBXResourcesBuildPhase;
			buildActionMask = 2147483647;
			files = (
				29A688492921702C009E03BF /* Preview Assets.xcassets in Resources */,
				29A688462921702C009E03BF /* Assets.xcassets in Resources */,
				29A6885029217DCC009E03BF /* GoogleService-Info.plist in Resources */,
			);
			runOnlyForDeploymentPostprocessing = 0;
		};
/* End PBXResourcesBuildPhase section */

/* Begin PBXShellScriptBuildPhase section */
		30BCDA939C29B36741BBA44A /* [CP] Check Pods Manifest.lock */ = {
			isa = PBXShellScriptBuildPhase;
			buildActionMask = 2147483647;
			files = (
			);
			inputFileListPaths = (
			);
			inputPaths = (
				"${PODS_PODFILE_DIR_PATH}/Podfile.lock",
				"${PODS_ROOT}/Manifest.lock",
			);
			name = "[CP] Check Pods Manifest.lock";
			outputFileListPaths = (
			);
			outputPaths = (
				"$(DERIVED_FILE_DIR)/Pods-ShoppingApp-checkManifestLockResult.txt",
			);
			runOnlyForDeploymentPostprocessing = 0;
			shellPath = /bin/sh;
			shellScript = "diff \"${PODS_PODFILE_DIR_PATH}/Podfile.lock\" \"${PODS_ROOT}/Manifest.lock\" > /dev/null\nif [ $? != 0 ] ; then\n    # print error to STDERR\n    echo \"error: The sandbox is not in sync with the Podfile.lock. Run 'pod install' or update your CocoaPods installation.\" >&2\n    exit 1\nfi\n# This output is used by Xcode 'outputs' to avoid re-running this script phase.\necho \"SUCCESS\" > \"${SCRIPT_OUTPUT_FILE_0}\"\n";
			showEnvVarsInLog = 0;
		};
		EEBF0F7FDAD83660D88D3117 /* [CP] Embed Pods Frameworks */ = {
			isa = PBXShellScriptBuildPhase;
			buildActionMask = 2147483647;
			files = (
			);
			inputFileListPaths = (
				"${PODS_ROOT}/Target Support Files/Pods-ShoppingApp/Pods-ShoppingApp-frameworks-${CONFIGURATION}-input-files.xcfilelist",
			);
			name = "[CP] Embed Pods Frameworks";
			outputFileListPaths = (
				"${PODS_ROOT}/Target Support Files/Pods-ShoppingApp/Pods-ShoppingApp-frameworks-${CONFIGURATION}-output-files.xcfilelist",
			);
			runOnlyForDeploymentPostprocessing = 0;
			shellPath = /bin/sh;
			shellScript = "\"${PODS_ROOT}/Target Support Files/Pods-ShoppingApp/Pods-ShoppingApp-frameworks.sh\"\n";
			showEnvVarsInLog = 0;
		};
/* End PBXShellScriptBuildPhase section */

/* Begin PBXSourcesBuildPhase section */
		29A6883A29217029009E03BF /* Sources */ = {
			isa = PBXSourcesBuildPhase;
			buildActionMask = 2147483647;
			files = (
				291125B52922B4370000AEA2 /* SearchView.swift in Sources */,
				295E6E802926488C00B379EC /* CartView.swift in Sources */,
				295E6E82292648BB00B379EC /* ObservedView.swift in Sources */,
				291125B32922B4290000AEA2 /* MainView.swift in Sources */,
				29062AD52927DB4C001DBFD0 /* User.swift in Sources */,
				29A6884429217029009E03BF /* ContentView.swift in Sources */,
				29062ADB2927F7B8001DBFD0 /* AuthenticationView.swift in Sources */,
				2957DAEE2925506700D0BCF9 /* ProfileView.swift in Sources */,
				29062AD72927DBFC001DBFD0 /* UserViewModel.swift in Sources */,
				29A6884229217029009E03BF /* ShoppingAppApp.swift in Sources */,
			);
			runOnlyForDeploymentPostprocessing = 0;
		};
/* End PBXSourcesBuildPhase section */

/* Begin XCBuildConfiguration section */
		29A6884A2921702C009E03BF /* Debug */ = {
			isa = XCBuildConfiguration;
			buildSettings = {
				ALWAYS_SEARCH_USER_PATHS = NO;
				CLANG_ANALYZER_NONNULL = YES;
				CLANG_ANALYZER_NUMBER_OBJECT_CONVERSION = YES_AGGRESSIVE;
				CLANG_CXX_LANGUAGE_STANDARD = "gnu++20";
				CLANG_ENABLE_MODULES = YES;
				CLANG_ENABLE_OBJC_ARC = YES;
				CLANG_ENABLE_OBJC_WEAK = YES;
				CLANG_WARN_BLOCK_CAPTURE_AUTORELEASING = YES;
				CLANG_WARN_BOOL_CONVERSION = YES;
				CLANG_WARN_COMMA = YES;
				CLANG_WARN_CONSTANT_CONVERSION = YES;
				CLANG_WARN_DEPRECATED_OBJC_IMPLEMENTATIONS = YES;
				CLANG_WARN_DIRECT_OBJC_ISA_USAGE = YES_ERROR;
				CLANG_WARN_DOCUMENTATION_COMMENTS = YES;
				CLANG_WARN_EMPTY_BODY = YES;
				CLANG_WARN_ENUM_CONVERSION = YES;
				CLANG_WARN_INFINITE_RECURSION = YES;
				CLANG_WARN_INT_CONVERSION = YES;
				CLANG_WARN_NON_LITERAL_NULL_CONVERSION = YES;
				CLANG_WARN_OBJC_IMPLICIT_RETAIN_SELF = YES;
				CLANG_WARN_OBJC_LITERAL_CONVERSION = YES;
				CLANG_WARN_OBJC_ROOT_CLASS = YES_ERROR;
				CLANG_WARN_QUOTED_INCLUDE_IN_FRAMEWORK_HEADER = YES;
				CLANG_WARN_RANGE_LOOP_ANALYSIS = YES;
				CLANG_WARN_STRICT_PROTOTYPES = YES;
				CLANG_WARN_SUSPICIOUS_MOVE = YES;
				CLANG_WARN_UNGUARDED_AVAILABILITY = YES_AGGRESSIVE;
				CLANG_WARN_UNREACHABLE_CODE = YES;
				CLANG_WARN__DUPLICATE_METHOD_MATCH = YES;
				COPY_PHASE_STRIP = NO;
				DEBUG_INFORMATION_FORMAT = dwarf;
				ENABLE_STRICT_OBJC_MSGSEND = YES;
				ENABLE_TESTABILITY = YES;
				GCC_C_LANGUAGE_STANDARD = gnu11;
				GCC_DYNAMIC_NO_PIC = NO;
				GCC_NO_COMMON_BLOCKS = YES;
				GCC_OPTIMIZATION_LEVEL = 0;
				GCC_PREPROCESSOR_DEFINITIONS = (
					"DEBUG=1",
					"$(inherited)",
				);
				GCC_WARN_64_TO_32_BIT_CONVERSION = YES;
				GCC_WARN_ABOUT_RETURN_TYPE = YES_ERROR;
				GCC_WARN_UNDECLARED_SELECTOR = YES;
				GCC_WARN_UNINITIALIZED_AUTOS = YES_AGGRESSIVE;
				GCC_WARN_UNUSED_FUNCTION = YES;
				GCC_WARN_UNUSED_VARIABLE = YES;
				IPHONEOS_DEPLOYMENT_TARGET = 16.0;
				MTL_ENABLE_DEBUG_INFO = INCLUDE_SOURCE;
				MTL_FAST_MATH = YES;
				ONLY_ACTIVE_ARCH = YES;
				SDKROOT = iphoneos;
				SWIFT_ACTIVE_COMPILATION_CONDITIONS = DEBUG;
				SWIFT_OPTIMIZATION_LEVEL = "-Onone";
			};
			name = Debug;
		};
		29A6884B2921702C009E03BF /* Release */ = {
			isa = XCBuildConfiguration;
			buildSettings = {
				ALWAYS_SEARCH_USER_PATHS = NO;
				CLANG_ANALYZER_NONNULL = YES;
				CLANG_ANALYZER_NUMBER_OBJECT_CONVERSION = YES_AGGRESSIVE;
				CLANG_CXX_LANGUAGE_STANDARD = "gnu++20";
				CLANG_ENABLE_MODULES = YES;
				CLANG_ENABLE_OBJC_ARC = YES;
				CLANG_ENABLE_OBJC_WEAK = YES;
				CLANG_WARN_BLOCK_CAPTURE_AUTORELEASING = YES;
				CLANG_WARN_BOOL_CONVERSION = YES;
				CLANG_WARN_COMMA = YES;
				CLANG_WARN_CONSTANT_CONVERSION = YES;
				CLANG_WARN_DEPRECATED_OBJC_IMPLEMENTATIONS = YES;
				CLANG_WARN_DIRECT_OBJC_ISA_USAGE = YES_ERROR;
				CLANG_WARN_DOCUMENTATION_COMMENTS = YES;
				CLANG_WARN_EMPTY_BODY = YES;
				CLANG_WARN_ENUM_CONVERSION = YES;
				CLANG_WARN_INFINITE_RECURSION = YES;
				CLANG_WARN_INT_CONVERSION = YES;
				CLANG_WARN_NON_LITERAL_NULL_CONVERSION = YES;
				CLANG_WARN_OBJC_IMPLICIT_RETAIN_SELF = YES;
				CLANG_WARN_OBJC_LITERAL_CONVERSION = YES;
				CLANG_WARN_OBJC_ROOT_CLASS = YES_ERROR;
				CLANG_WARN_QUOTED_INCLUDE_IN_FRAMEWORK_HEADER = YES;
				CLANG_WARN_RANGE_LOOP_ANALYSIS = YES;
				CLANG_WARN_STRICT_PROTOTYPES = YES;
				CLANG_WARN_SUSPICIOUS_MOVE = YES;
				CLANG_WARN_UNGUARDED_AVAILABILITY = YES_AGGRESSIVE;
				CLANG_WARN_UNREACHABLE_CODE = YES;
				CLANG_WARN__DUPLICATE_METHOD_MATCH = YES;
				COPY_PHASE_STRIP = NO;
				DEBUG_INFORMATION_FORMAT = "dwarf-with-dsym";
				ENABLE_NS_ASSERTIONS = NO;
				ENABLE_STRICT_OBJC_MSGSEND = YES;
				GCC_C_LANGUAGE_STANDARD = gnu11;
				GCC_NO_COMMON_BLOCKS = YES;
				GCC_WARN_64_TO_32_BIT_CONVERSION = YES;
				GCC_WARN_ABOUT_RETURN_TYPE = YES_ERROR;
				GCC_WARN_UNDECLARED_SELECTOR = YES;
				GCC_WARN_UNINITIALIZED_AUTOS = YES_AGGRESSIVE;
				GCC_WARN_UNUSED_FUNCTION = YES;
				GCC_WARN_UNUSED_VARIABLE = YES;
				IPHONEOS_DEPLOYMENT_TARGET = 16.0;
				MTL_ENABLE_DEBUG_INFO = NO;
				MTL_FAST_MATH = YES;
				SDKROOT = iphoneos;
				SWIFT_COMPILATION_MODE = wholemodule;
				SWIFT_OPTIMIZATION_LEVEL = "-O";
				VALIDATE_PRODUCT = YES;
			};
			name = Release;
		};
		29A6884D2921702C009E03BF /* Debug */ = {
			isa = XCBuildConfiguration;
			baseConfigurationReference = 0C9FAECF7BDDFB6D09EE3527 /* Pods-ShoppingApp.debug.xcconfig */;
			buildSettings = {
				ASSETCATALOG_COMPILER_APPICON_NAME = AppIcon;
				ASSETCATALOG_COMPILER_GLOBAL_ACCENT_COLOR_NAME = AccentColor;
				CODE_SIGN_STYLE = Automatic;
				CURRENT_PROJECT_VERSION = 1;
				DEVELOPMENT_ASSET_PATHS = "\"ShoppingApp/Preview Content\"";
				DEVELOPMENT_TEAM = TU72F4GFFV;
				ENABLE_PREVIEWS = YES;
				GENERATE_INFOPLIST_FILE = YES;
				INFOPLIST_KEY_UIApplicationSceneManifest_Generation = YES;
				INFOPLIST_KEY_UIApplicationSupportsIndirectInputEvents = YES;
				INFOPLIST_KEY_UILaunchScreen_Generation = YES;
				INFOPLIST_KEY_UISupportedInterfaceOrientations_iPad = "UIInterfaceOrientationPortrait UIInterfaceOrientationPortraitUpsideDown UIInterfaceOrientationLandscapeLeft UIInterfaceOrientationLandscapeRight";
				INFOPLIST_KEY_UISupportedInterfaceOrientations_iPhone = "UIInterfaceOrientationPortrait UIInterfaceOrientationLandscapeLeft UIInterfaceOrientationLandscapeRight";
				LD_RUNPATH_SEARCH_PATHS = (
					"$(inherited)",
					"@executable_path/Frameworks",
				);
				MARKETING_VERSION = 1.0;
				PRODUCT_BUNDLE_IDENTIFIER = kz.ShoppingApp;
				PRODUCT_NAME = "$(TARGET_NAME)";
				SWIFT_EMIT_LOC_STRINGS = YES;
				SWIFT_VERSION = 5.0;
				TARGETED_DEVICE_FAMILY = "1,2";
			};
			name = Debug;
		};
		29A6884E2921702C009E03BF /* Release */ = {
			isa = XCBuildConfiguration;
			baseConfigurationReference = 8BBCACDDFBB203F6B492604B /* Pods-ShoppingApp.release.xcconfig */;
			buildSettings = {
				ASSETCATALOG_COMPILER_APPICON_NAME = AppIcon;
				ASSETCATALOG_COMPILER_GLOBAL_ACCENT_COLOR_NAME = AccentColor;
				CODE_SIGN_STYLE = Automatic;
				CURRENT_PROJECT_VERSION = 1;
				DEVELOPMENT_ASSET_PATHS = "\"ShoppingApp/Preview Content\"";
				DEVELOPMENT_TEAM = TU72F4GFFV;
				ENABLE_PREVIEWS = YES;
				GENERATE_INFOPLIST_FILE = YES;
				INFOPLIST_KEY_UIApplicationSceneManifest_Generation = YES;
				INFOPLIST_KEY_UIApplicationSupportsIndirectInputEvents = YES;
				INFOPLIST_KEY_UILaunchScreen_Generation = YES;
				INFOPLIST_KEY_UISupportedInterfaceOrientations_iPad = "UIInterfaceOrientationPortrait UIInterfaceOrientationPortraitUpsideDown UIInterfaceOrientationLandscapeLeft UIInterfaceOrientationLandscapeRight";
				INFOPLIST_KEY_UISupportedInterfaceOrientations_iPhone = "UIInterfaceOrientationPortrait UIInterfaceOrientationLandscapeLeft UIInterfaceOrientationLandscapeRight";
				LD_RUNPATH_SEARCH_PATHS = (
					"$(inherited)",
					"@executable_path/Frameworks",
				);
				MARKETING_VERSION = 1.0;
				PRODUCT_BUNDLE_IDENTIFIER = kz.ShoppingApp;
				PRODUCT_NAME = "$(TARGET_NAME)";
				SWIFT_EMIT_LOC_STRINGS = YES;
				SWIFT_VERSION = 5.0;
				TARGETED_DEVICE_FAMILY = "1,2";
			};
			name = Release;
		};
/* End XCBuildConfiguration section */

/* Begin XCConfigurationList section */
		29A6883929217029009E03BF /* Build configuration list for PBXProject "ShoppingApp" */ = {
			isa = XCConfigurationList;
			buildConfigurations = (
				29A6884A2921702C009E03BF /* Debug */,
				29A6884B2921702C009E03BF /* Release */,
			);
			defaultConfigurationIsVisible = 0;
			defaultConfigurationName = Release;
		};
		29A6884C2921702C009E03BF /* Build configuration list for PBXNativeTarget "ShoppingApp" */ = {
			isa = XCConfigurationList;
			buildConfigurations = (
				29A6884D2921702C009E03BF /* Debug */,
				29A6884E2921702C009E03BF /* Release */,
			);
			defaultConfigurationIsVisible = 0;
			defaultConfigurationName = Release;
		};
/* End XCConfigurationList section */
	};
	rootObject = 29A6883629217029009E03BF /* Project object */;
}
